<?xml version="1.0" encoding="utf-8"?>
<Project ToolsVersion="4.0" xmlns="http://schemas.microsoft.com/developer/msbuild/2003">
  <ItemGroup>
    <Filter Include="Source Files">
      <UniqueIdentifier>{7363b6bb-cb59-4a51-944c-784b6cf4e945}</UniqueIdentifier>
      <Extensions>cpp;c;cxx;rc;def;r;odl;idl;hpj;bat</Extensions>
    </Filter>
    <Filter Include="Header Files">
      <UniqueIdentifier>{5de03236-440d-4022-8a1e-214a78b01e7c}</UniqueIdentifier>
      <Extensions>h;hpp;hxx;hm;inl</Extensions>
    </Filter>
    <Filter Include="Resource Files">
      <UniqueIdentifier>{645eabf0-c389-42a2-b2af-10fb9261c58d}</UniqueIdentifier>
      <Extensions>ico;cur;bmp;dlg;rc2;rct;bin;rgs;gif;jpg;jpeg;jpe</Extensions>
    </Filter>
  </ItemGroup>
  <ItemGroup>
    <ClCompile Include="CDistribution.cpp">
      <Filter>Source Files</Filter>
    </ClCompile>
    <ClCompile Include="Decode.cpp">
      <Filter>Source Files</Filter>
    </ClCompile>
    <ClCompile Include="Encode.cpp">
      <Filter>Source Files</Filter>
    </ClCompile>
    <ClCompile Include="Gau_Channel.cpp">
      <Filter>Source Files</Filter>
    </ClCompile>
    <ClCompile Include="main.cpp">
      <Filter>Source Files</Filter>
    </ClCompile>
    <ClCompile Include="RandNum.cpp">
      <Filter>Source Files</Filter>
    </ClCompile>
    <ClCompile Include="RandNum1.cpp">
      <Filter>Source Files</Filter>
    </ClCompile>
    <ClCompile Include="Source.cpp">
      <Filter>Source Files</Filter>
    </ClCompile>
  </ItemGroup>
  <ItemGroup>
    <ClInclude Include="CDistribution.h">
      <Filter>Header Files</Filter>
    </ClInclude>
    <ClInclude Include="Decode.h">
      <Filter>Header Files</Filter>
    </ClInclude>
    <ClInclude Include="Encode.h">
      <Filter>Header Files</Filter>
    </ClInclude>
    <ClInclude Include="GauChannel.h">
      <Filter>Header Files</Filter>
    </ClInclude>
    <ClInclude Include="RandNum.h">
      <Filter>Header Files</Filter>
    </ClInclude>
    <ClInclude Include="RandNum1.h">
      <Filter>Header Files</Filter>
    </ClInclude>
    <ClInclude Include="Source.h">
      <Filter>Header Files</Filter>
    </ClInclude>
    <ClInclude Include="stdafx.h">
      <Filter>Header Files</Filter>
    </ClInclude>
  </ItemGroup>
</Project>